
Microsoft Visual Studio Solution File, Format Version 12.00
# Visual Studio Version 17
VisualStudioVersion = 17.3.32819.101
MinimumVisualStudioVersion = 10.0.40219.1
Project("{FAE04EC0-301F-11D3-BF4B-00C04F79EFBC}") = "Kiosk_Project", "Kiosk_Project\Kiosk_Project.csproj", "{8BD44E95-3ABD-4F0E-872D-2D08544C5599}"
EndProject
Global
	GlobalSection(SolutionConfigurationPlatforms) = preSolution
		Debug|Any CPU = Debug|Any CPU
		Release|Any CPU = Release|Any CPU
	EndGlobalSection
	GlobalSection(ProjectConfigurationPlatforms) = postSolution
		{8BD44E95-3ABD-4F0E-872D-2D08544C5599}.Debug|Any CPU.ActiveCfg = Debug|Any CPU
		{8BD44E95-3ABD-4F0E-872D-2D08544C5599}.Debug|Any CPU.Build.0 = Debug|Any CPU
		{8BD44E95-3ABD-4F0E-872D-2D08544C5599}.Release|Any CPU.ActiveCfg = Release|Any CPU
		{8BD44E95-3ABD-4F0E-872D-2D08544C5599}.Release|Any CPU.Build.0 = Release|Any CPU
	EndGlobalSection
	GlobalSection(SolutionProperties) = preSolution
		HideSolutionNode = FALSE
	EndGlobalSection
	GlobalSection(ExtensibilityGlobals) = postSolution
		SolutionGuid = {F0A67A4B-0FF5-473A-A983-BAA7EC1DAEE7}
	EndGlobalSection
EndGlobal
